
Microsoft Visual Studio Solution File, Format Version 12.00
# Visual Studio Version 17
VisualStudioVersion = 17.4.33122.133
MinimumVisualStudioVersion = 10.0.40219.1
Project("{FAE04EC0-301F-11D3-BF4B-00C04F79EFBC}") = "Producer", "Producer\Producer.csproj", "{BF0CB566-4653-45D8-A353-D3E503A01AD7}"
EndProject
Project("{FAE04EC0-301F-11D3-BF4B-00C04F79EFBC}") = "AnalyticsConsumer", "AnalyticsConsumer\AnalyticsConsumer.csproj", "{5A512FB1-5031-40FC-AC77-4EEA8BD77E84}"
EndProject
Project("{FAE04EC0-301F-11D3-BF4B-00C04F79EFBC}") = "PaymentsConsumer", "PaymentsConsumer\PaymentsConsumer.csproj", "{0744859D-A9BF-40FC-9044-16EECF313EA1}"
EndProject
Global
	GlobalSection(SolutionConfigurationPlatforms) = preSolution
		Debug|Any CPU = Debug|Any CPU
		Release|Any CPU = Release|Any CPU
	EndGlobalSection
	GlobalSection(ProjectConfigurationPlatforms) = postSolution
		{BF0CB566-4653-45D8-A353-D3E503A01AD7}.Debug|Any CPU.ActiveCfg = Debug|Any CPU
		{BF0CB566-4653-45D8-A353-D3E503A01AD7}.Debug|Any CPU.Build.0 = Debug|Any CPU
		{BF0CB566-4653-45D8-A353-D3E503A01AD7}.Release|Any CPU.ActiveCfg = Release|Any CPU
		{BF0CB566-4653-45D8-A353-D3E503A01AD7}.Release|Any CPU.Build.0 = Release|Any CPU
		{5A512FB1-5031-40FC-AC77-4EEA8BD77E84}.Debug|Any CPU.ActiveCfg = Debug|Any CPU
		{5A512FB1-5031-40FC-AC77-4EEA8BD77E84}.Debug|Any CPU.Build.0 = Debug|Any CPU
		{5A512FB1-5031-40FC-AC77-4EEA8BD77E84}.Release|Any CPU.ActiveCfg = Release|Any CPU
		{5A512FB1-5031-40FC-AC77-4EEA8BD77E84}.Release|Any CPU.Build.0 = Release|Any CPU
		{0744859D-A9BF-40FC-9044-16EECF313EA1}.Debug|Any CPU.ActiveCfg = Debug|Any CPU
		{0744859D-A9BF-40FC-9044-16EECF313EA1}.Debug|Any CPU.Build.0 = Debug|Any CPU
		{0744859D-A9BF-40FC-9044-16EECF313EA1}.Release|Any CPU.ActiveCfg = Release|Any CPU
		{0744859D-A9BF-40FC-9044-16EECF313EA1}.Release|Any CPU.Build.0 = Release|Any CPU
	EndGlobalSection
	GlobalSection(SolutionProperties) = preSolution
		HideSolutionNode = FALSE
	EndGlobalSection
	GlobalSection(ExtensibilityGlobals) = postSolution
		SolutionGuid = {1EAC68C0-6F38-4861-88E2-322C5807A0A4}
	EndGlobalSection
EndGlobal
